
Microsoft Visual Studio Solution File, Format Version 12.00
# Visual Studio 15
VisualStudioVersion = 15.0.28307.1062
MinimumVisualStudioVersion = 10.0.40219.1
Project("{FAE04EC0-301F-11D3-BF4B-00C04F79EFBC}") = "Mastermind", "Mastermind\Mastermind.csproj", "{C2F479A7-A54A-4DC5-9B08-22026A3ABBAF}"
EndProject
Project("{FAE04EC0-301F-11D3-BF4B-00C04F79EFBC}") = "Mastermind.Test", "Mastermind.Test\Mastermind.Test.csproj", "{831D1768-0073-431E-9B44-893E1567D00B}"
EndProject
Global
	GlobalSection(SolutionConfigurationPlatforms) = preSolution
		Debug|Any CPU = Debug|Any CPU
		Release|Any CPU = Release|Any CPU
	EndGlobalSection
	GlobalSection(ProjectConfigurationPlatforms) = postSolution
		{C2F479A7-A54A-4DC5-9B08-22026A3ABBAF}.Debug|Any CPU.ActiveCfg = Debug|Any CPU
		{C2F479A7-A54A-4DC5-9B08-22026A3ABBAF}.Debug|Any CPU.Build.0 = Debug|Any CPU
		{C2F479A7-A54A-4DC5-9B08-22026A3ABBAF}.Release|Any CPU.ActiveCfg = Release|Any CPU
		{C2F479A7-A54A-4DC5-9B08-22026A3ABBAF}.Release|Any CPU.Build.0 = Release|Any CPU
		{831D1768-0073-431E-9B44-893E1567D00B}.Debug|Any CPU.ActiveCfg = Debug|Any CPU
		{831D1768-0073-431E-9B44-893E1567D00B}.Debug|Any CPU.Build.0 = Debug|Any CPU
		{831D1768-0073-431E-9B44-893E1567D00B}.Release|Any CPU.ActiveCfg = Release|Any CPU
		{831D1768-0073-431E-9B44-893E1567D00B}.Release|Any CPU.Build.0 = Release|Any CPU
	EndGlobalSection
	GlobalSection(SolutionProperties) = preSolution
		HideSolutionNode = FALSE
	EndGlobalSection
	GlobalSection(ExtensibilityGlobals) = postSolution
		SolutionGuid = {C742A123-4849-489C-AC60-DD14E9C92BC6}
	EndGlobalSection
EndGlobal
